
Microsoft Visual Studio Solution File, Format Version 12.00
# Visual Studio Version 17
VisualStudioVersion = 17.9.34714.143
MinimumVisualStudioVersion = 10.0.40219.1
Project("{FAE04EC0-301F-11D3-BF4B-00C04F79EFBC}") = "Hexpawn.Api", "Hexpawn.Api\Hexpawn.Api.csproj", "{2541ECE6-D341-4C50-8865-DB98E0E03F6A}"
EndProject
Global
	GlobalSection(SolutionConfigurationPlatforms) = preSolution
		Debug|Any CPU = Debug|Any CPU
		Release|Any CPU = Release|Any CPU
	EndGlobalSection
	GlobalSection(ProjectConfigurationPlatforms) = postSolution
		{2541ECE6-D341-4C50-8865-DB98E0E03F6A}.Debug|Any CPU.ActiveCfg = Debug|Any CPU
		{2541ECE6-D341-4C50-8865-DB98E0E03F6A}.Debug|Any CPU.Build.0 = Debug|Any CPU
		{2541ECE6-D341-4C50-8865-DB98E0E03F6A}.Release|Any CPU.ActiveCfg = Release|Any CPU
		{2541ECE6-D341-4C50-8865-DB98E0E03F6A}.Release|Any CPU.Build.0 = Release|Any CPU
	EndGlobalSection
	GlobalSection(SolutionProperties) = preSolution
		HideSolutionNode = FALSE
	EndGlobalSection
	GlobalSection(ExtensibilityGlobals) = postSolution
		SolutionGuid = {33FC1FB1-E180-45DD-94E3-B95CC19870B3}
	EndGlobalSection
EndGlobal
