
Microsoft Visual Studio Solution File, Format Version 12.00
Project("{FAE04EC0-301F-11D3-BF4B-00C04F79EFBC}") = "HexPawn.Api", "HexPawn.Api\HexPawn.Api.csproj", "{A0F2380F-69E0-4E2E-BB45-1F025A96EBC9}"
EndProject
Project("{FAE04EC0-301F-11D3-BF4B-00C04F79EFBC}") = "HexPawn.Test", "HexPawn.Test\HexPawn.Test.csproj", "{90DE5581-3356-4AB7-8AF3-CC84FF6864FD}"
EndProject
Project("{FAE04EC0-301F-11D3-BF4B-00C04F79EFBC}") = "HexPawn.Services", "HexPawn.Services\HexPawn.Services.csproj", "{E30CD8F6-C35D-49B7-BC26-A2364D7D91CA}"
EndProject
Project("{FAE04EC0-301F-11D3-BF4B-00C04F79EFBC}") = "HexPawn.Models", "HexPawn.Models\HexPawn.Models.csproj", "{64D38A1F-6A16-439D-8BD3-F1E156E1DC4E}"
EndProject
Global
	GlobalSection(SolutionConfigurationPlatforms) = preSolution
		Debug|Any CPU = Debug|Any CPU
		Release|Any CPU = Release|Any CPU
	EndGlobalSection
	GlobalSection(ProjectConfigurationPlatforms) = postSolution
		{A0F2380F-69E0-4E2E-BB45-1F025A96EBC9}.Debug|Any CPU.ActiveCfg = Debug|Any CPU
		{A0F2380F-69E0-4E2E-BB45-1F025A96EBC9}.Debug|Any CPU.Build.0 = Debug|Any CPU
		{A0F2380F-69E0-4E2E-BB45-1F025A96EBC9}.Release|Any CPU.ActiveCfg = Release|Any CPU
		{A0F2380F-69E0-4E2E-BB45-1F025A96EBC9}.Release|Any CPU.Build.0 = Release|Any CPU
		{90DE5581-3356-4AB7-8AF3-CC84FF6864FD}.Debug|Any CPU.ActiveCfg = Debug|Any CPU
		{90DE5581-3356-4AB7-8AF3-CC84FF6864FD}.Debug|Any CPU.Build.0 = Debug|Any CPU
		{90DE5581-3356-4AB7-8AF3-CC84FF6864FD}.Release|Any CPU.ActiveCfg = Release|Any CPU
		{90DE5581-3356-4AB7-8AF3-CC84FF6864FD}.Release|Any CPU.Build.0 = Release|Any CPU
		{E30CD8F6-C35D-49B7-BC26-A2364D7D91CA}.Debug|Any CPU.ActiveCfg = Debug|Any CPU
		{E30CD8F6-C35D-49B7-BC26-A2364D7D91CA}.Debug|Any CPU.Build.0 = Debug|Any CPU
		{E30CD8F6-C35D-49B7-BC26-A2364D7D91CA}.Release|Any CPU.ActiveCfg = Release|Any CPU
		{E30CD8F6-C35D-49B7-BC26-A2364D7D91CA}.Release|Any CPU.Build.0 = Release|Any CPU
		{64D38A1F-6A16-439D-8BD3-F1E156E1DC4E}.Debug|Any CPU.ActiveCfg = Debug|Any CPU
		{64D38A1F-6A16-439D-8BD3-F1E156E1DC4E}.Debug|Any CPU.Build.0 = Debug|Any CPU
		{64D38A1F-6A16-439D-8BD3-F1E156E1DC4E}.Release|Any CPU.ActiveCfg = Release|Any CPU
		{64D38A1F-6A16-439D-8BD3-F1E156E1DC4E}.Release|Any CPU.Build.0 = Release|Any CPU
	EndGlobalSection
EndGlobal
